
Microsoft Visual Studio Solution File, Format Version 12.00
# Visual Studio 15
VisualStudioVersion = 15.0.28307.271
MinimumVisualStudioVersion = 10.0.40219.1
Project("{FAE04EC0-301F-11D3-BF4B-00C04F79EFBC}") = "UWPUI", "Simple RPG UWP\UWPUI.csproj", "{7070870A-BC5C-425B-84C5-270E983E5D14}"
EndProject
Project("{FAE04EC0-301F-11D3-BF4B-00C04F79EFBC}") = "Engine", "Engine\Engine.csproj", "{651DEAD9-6C2E-413B-9EFB-9487523315EE}"
EndProject
Global
	GlobalSection(SolutionConfigurationPlatforms) = preSolution
		Debug|Any CPU = Debug|Any CPU
		Debug|ARM = Debug|ARM
		Debug|ARM64 = Debug|ARM64
		Debug|x64 = Debug|x64
		Debug|x86 = Debug|x86
		Release|Any CPU = Release|Any CPU
		Release|ARM = Release|ARM
		Release|ARM64 = Release|ARM64
		Release|x64 = Release|x64
		Release|x86 = Release|x86
	EndGlobalSection
	GlobalSection(ProjectConfigurationPlatforms) = postSolution
		{7070870A-BC5C-425B-84C5-270E983E5D14}.Debug|Any CPU.ActiveCfg = Debug|x86
		{7070870A-BC5C-425B-84C5-270E983E5D14}.Debug|ARM.ActiveCfg = Debug|ARM
		{7070870A-BC5C-425B-84C5-270E983E5D14}.Debug|ARM.Build.0 = Debug|ARM
		{7070870A-BC5C-425B-84C5-270E983E5D14}.Debug|ARM.Deploy.0 = Debug|ARM
		{7070870A-BC5C-425B-84C5-270E983E5D14}.Debug|ARM64.ActiveCfg = Debug|ARM64
		{7070870A-BC5C-425B-84C5-270E983E5D14}.Debug|ARM64.Build.0 = Debug|ARM64
		{7070870A-BC5C-425B-84C5-270E983E5D14}.Debug|ARM64.Deploy.0 = Debug|ARM64
		{7070870A-BC5C-425B-84C5-270E983E5D14}.Debug|x64.ActiveCfg = Debug|x64
		{7070870A-BC5C-425B-84C5-270E983E5D14}.Debug|x64.Build.0 = Debug|x64
		{7070870A-BC5C-425B-84C5-270E983E5D14}.Debug|x64.Deploy.0 = Debug|x64
		{7070870A-BC5C-425B-84C5-270E983E5D14}.Debug|x86.ActiveCfg = Debug|x86
		{7070870A-BC5C-425B-84C5-270E983E5D14}.Debug|x86.Build.0 = Debug|x86
		{7070870A-BC5C-425B-84C5-270E983E5D14}.Debug|x86.Deploy.0 = Debug|x86
		{7070870A-BC5C-425B-84C5-270E983E5D14}.Release|Any CPU.ActiveCfg = Release|x86
		{7070870A-BC5C-425B-84C5-270E983E5D14}.Release|ARM.ActiveCfg = Release|ARM
		{7070870A-BC5C-425B-84C5-270E983E5D14}.Release|ARM.Build.0 = Release|ARM
		{7070870A-BC5C-425B-84C5-270E983E5D14}.Release|ARM.Deploy.0 = Release|ARM
		{7070870A-BC5C-425B-84C5-270E983E5D14}.Release|ARM64.ActiveCfg = Release|ARM64
		{7070870A-BC5C-425B-84C5-270E983E5D14}.Release|ARM64.Build.0 = Release|ARM64
		{7070870A-BC5C-425B-84C5-270E983E5D14}.Release|ARM64.Deploy.0 = Release|ARM64
		{7070870A-BC5C-425B-84C5-270E983E5D14}.Release|x64.ActiveCfg = Release|x64
		{7070870A-BC5C-425B-84C5-270E983E5D14}.Release|x64.Build.0 = Release|x64
		{7070870A-BC5C-425B-84C5-270E983E5D14}.Release|x64.Deploy.0 = Release|x64
		{7070870A-BC5C-425B-84C5-270E983E5D14}.Release|x86.ActiveCfg = Release|x86
		{7070870A-BC5C-425B-84C5-270E983E5D14}.Release|x86.Build.0 = Release|x86
		{7070870A-BC5C-425B-84C5-270E983E5D14}.Release|x86.Deploy.0 = Release|x86
		{651DEAD9-6C2E-413B-9EFB-9487523315EE}.Debug|Any CPU.ActiveCfg = Debug|Any CPU
		{651DEAD9-6C2E-413B-9EFB-9487523315EE}.Debug|Any CPU.Build.0 = Debug|Any CPU
		{651DEAD9-6C2E-413B-9EFB-9487523315EE}.Debug|ARM.ActiveCfg = Debug|ARM
		{651DEAD9-6C2E-413B-9EFB-9487523315EE}.Debug|ARM.Build.0 = Debug|ARM
		{651DEAD9-6C2E-413B-9EFB-9487523315EE}.Debug|ARM64.ActiveCfg = Debug|ARM64
		{651DEAD9-6C2E-413B-9EFB-9487523315EE}.Debug|ARM64.Build.0 = Debug|ARM64
		{651DEAD9-6C2E-413B-9EFB-9487523315EE}.Debug|x64.ActiveCfg = Debug|x64
		{651DEAD9-6C2E-413B-9EFB-9487523315EE}.Debug|x64.Build.0 = Debug|x64
		{651DEAD9-6C2E-413B-9EFB-9487523315EE}.Debug|x86.ActiveCfg = Debug|x86
		{651DEAD9-6C2E-413B-9EFB-9487523315EE}.Debug|x86.Build.0 = Debug|x86
		{651DEAD9-6C2E-413B-9EFB-9487523315EE}.Release|Any CPU.ActiveCfg = Release|Any CPU
		{651DEAD9-6C2E-413B-9EFB-9487523315EE}.Release|Any CPU.Build.0 = Release|Any CPU
		{651DEAD9-6C2E-413B-9EFB-9487523315EE}.Release|ARM.ActiveCfg = Release|ARM
		{651DEAD9-6C2E-413B-9EFB-9487523315EE}.Release|ARM.Build.0 = Release|ARM
		{651DEAD9-6C2E-413B-9EFB-9487523315EE}.Release|ARM64.ActiveCfg = Release|ARM64
		{651DEAD9-6C2E-413B-9EFB-9487523315EE}.Release|ARM64.Build.0 = Release|ARM64
		{651DEAD9-6C2E-413B-9EFB-9487523315EE}.Release|x64.ActiveCfg = Release|x64
		{651DEAD9-6C2E-413B-9EFB-9487523315EE}.Release|x64.Build.0 = Release|x64
		{651DEAD9-6C2E-413B-9EFB-9487523315EE}.Release|x86.ActiveCfg = Release|x86
		{651DEAD9-6C2E-413B-9EFB-9487523315EE}.Release|x86.Build.0 = Release|x86
	EndGlobalSection
	GlobalSection(SolutionProperties) = preSolution
		HideSolutionNode = FALSE
	EndGlobalSection
	GlobalSection(ExtensibilityGlobals) = postSolution
		SolutionGuid = {74291A81-0429-4411-8651-58CD20BEE2E8}
	EndGlobalSection
EndGlobal
